{
  "name": "atb-client-js",
  "lockfileVersion": 3,
  "requires": true,
  "packages": {
    "": {
      "dependencies": {
        "@arunscape/atb-client": "https://cdn.wasmer.io/bindings/generator-0.7.2/npm/arunscape/atb-client/atb-client-0.1.0.tar.gz"
      }
    },
    "node_modules/@arunscape/atb-client": {
      "version": "0.1.0",
      "resolved": "https://cdn.wasmer.io/bindings/generator-0.7.2/npm/arunscape/atb-client/atb-client-0.1.0.tar.gz",
      "integrity": "sha512-YaDMUiExQsDBOGkoclS1aUPIe5y4aBRU9LUq/wPzdgRyn53UeMZtLyG2nJ8vJqL077EfnckFsGtFB/nFlAR9vw==",
      "dependencies": {
        "@wasmer/wasi": "^1.2.2"
      }
    },
    "node_modules/@wasmer/wasi": {
      "version": "1.2.2",
      "resolved": "https://registry.npmjs.org/@wasmer/wasi/-/wasi-1.2.2.tgz",
      "integrity": "sha512-39ZB3gefOVhBmkhf7Ta79RRSV/emIV8LhdvcWhP/MOZEjMmtzoZWMzt7phdKj8CUXOze+AwbvGK60lKaKldn1w=="
    }
  }
}
