# This file is automatically @generated by Poetry 1.4.2 and should not be changed by hand.

[[package]]
name = "wasmer"
version = "1.1.0"
description = "Python extension to run WebAssembly binaries"
category = "main"
optional = false
python-versions = "*"
files = [
    {file = "wasmer-1.1.0-cp310-cp310-macosx_10_7_x86_64.whl", hash = "sha256:c2af4b907ae2dabcac41e316e811d5937c93adf1f8b05c5d49427f8ce0f37630"},
    {file = "wasmer-1.1.0-cp310-cp310-manylinux_2_24_x86_64.whl", hash = "sha256:ab1ae980021e5ec0bf0c6cdd3b979b1d15a5f3eb2b8a32da8dcb1156e4a1e484"},
    {file = "wasmer-1.1.0-cp310-none-win_amd64.whl", hash = "sha256:d0d93aec6215893d33e803ef0a8d37bf948c585dd80ba0e23a83fafee820bc03"},
    {file = "wasmer-1.1.0-cp37-cp37m-macosx_10_7_x86_64.whl", hash = "sha256:1e63d16bd6e2e2272d8721647831de5c537e0bb08002ee6d7abf167ec02d5178"},
    {file = "wasmer-1.1.0-cp37-cp37m-manylinux_2_24_x86_64.whl", hash = "sha256:85e6a5bf44853e8e6a12e947ee3412da9e84f7ce49fc165ba5dbd293e9c5c405"},
    {file = "wasmer-1.1.0-cp37-none-win_amd64.whl", hash = "sha256:a182a6eca9b46d895b4985fc822fab8da3d2f84fab74ca27e55a7430a7fcf336"},
    {file = "wasmer-1.1.0-cp38-cp38-macosx_10_7_x86_64.whl", hash = "sha256:214d9a3cfb577ea9449eb2b5f13adceae34c55365e4c3d930066beb86a7f67bc"},
    {file = "wasmer-1.1.0-cp38-cp38-manylinux_2_24_x86_64.whl", hash = "sha256:b9e5605552bd7d2bc6337519b176defe83bc69b98abf3caaaefa4f7ec231d18a"},
    {file = "wasmer-1.1.0-cp38-none-win_amd64.whl", hash = "sha256:20b5190112e2e94a8947967f2bc683c9685855d0f34130d8434c87a55216a3bd"},
    {file = "wasmer-1.1.0-cp39-cp39-macosx_10_7_x86_64.whl", hash = "sha256:ee442f0970f40ec5e32011c92fd753fb2061da0faa13de13fafc730c31be34e3"},
    {file = "wasmer-1.1.0-cp39-cp39-macosx_11_0_arm64.whl", hash = "sha256:aa112198b743cff2e391230436813fb4b244a24443e37866522b7197e3a034da"},
    {file = "wasmer-1.1.0-cp39-cp39-manylinux_2_24_x86_64.whl", hash = "sha256:c0b37117f6d3ff51ee96431c7d224d99799b08d174e30fcd0fcd7e2e3cb8140c"},
    {file = "wasmer-1.1.0-cp39-none-win_amd64.whl", hash = "sha256:a0a4730ec4907a4cb0d9d4a77ea2608c2c814f22a22b73fc80be0f110e014836"},
    {file = "wasmer-1.1.0-py3-none-any.whl", hash = "sha256:2caf8c67feae9cd4246421551036917811c446da4f27ad4c989521ef42751931"},
]

[[package]]
name = "wasmer-compiler-cranelift"
version = "1.1.0"
description = "The Cranelift compiler for the `wasmer` package (to compile WebAssembly module)"
category = "main"
optional = false
python-versions = "*"
files = [
    {file = "wasmer_compiler_cranelift-1.1.0-cp310-cp310-macosx_10_7_x86_64.whl", hash = "sha256:9869910179f39696a020edc5689f7759257ac1cce569a7a0fcf340c59788baad"},
    {file = "wasmer_compiler_cranelift-1.1.0-cp310-cp310-manylinux_2_24_x86_64.whl", hash = "sha256:405546ee864ac158a4107f374dfbb1c8d6cfb189829bdcd13050143a4bd98f28"},
    {file = "wasmer_compiler_cranelift-1.1.0-cp310-none-win_amd64.whl", hash = "sha256:bdf75af9ef082e6aeb752550f694273340ece970b65099e0746db0f972760d11"},
    {file = "wasmer_compiler_cranelift-1.1.0-cp37-cp37m-macosx_10_7_x86_64.whl", hash = "sha256:7d9c782b7721789b16e303b7e70c59df370896dd62b77e2779e3a44b4e1aa20c"},
    {file = "wasmer_compiler_cranelift-1.1.0-cp37-cp37m-manylinux_2_24_x86_64.whl", hash = "sha256:ff7dd5bd69030b63521c24583bf0f5457cd2580237340b91ce35370f72a4a1cc"},
    {file = "wasmer_compiler_cranelift-1.1.0-cp37-none-win_amd64.whl", hash = "sha256:447285402e366a34667a674db70458c491acd6940b797c175c0b0027f48e64bb"},
    {file = "wasmer_compiler_cranelift-1.1.0-cp38-cp38-macosx_10_7_x86_64.whl", hash = "sha256:55a524985179f6b7b88ac973e8fac5a2574d3b125a966fba75fedd5a2525e484"},
    {file = "wasmer_compiler_cranelift-1.1.0-cp38-cp38-manylinux_2_24_x86_64.whl", hash = "sha256:bd03db5a916ead51b442c66acad38847dfe127cf90b2019b1680f1920c4f8d06"},
    {file = "wasmer_compiler_cranelift-1.1.0-cp38-none-win_amd64.whl", hash = "sha256:157d87cbd1d04adbad55b50cb4bedc28e444caf74797fd96df17390667e58699"},
    {file = "wasmer_compiler_cranelift-1.1.0-cp39-cp39-macosx_10_7_x86_64.whl", hash = "sha256:ff25fc99ebafa04a6c271d08a90d17b927930e3019a2b333c7cfb48ba32c6f71"},
    {file = "wasmer_compiler_cranelift-1.1.0-cp39-cp39-macosx_11_0_arm64.whl", hash = "sha256:9697ae082317a56776df8ff7df8c922eac38488ef38d3478fe5f0ca144c185ab"},
    {file = "wasmer_compiler_cranelift-1.1.0-cp39-cp39-manylinux_2_24_x86_64.whl", hash = "sha256:2a4349b1ddd727bd46bc5ede741839dcfc5153c52f064a83998c4150d5d4a85c"},
    {file = "wasmer_compiler_cranelift-1.1.0-cp39-none-win_amd64.whl", hash = "sha256:32fe38614fccc933da77ee4372904a5fa9c12b859209a2e4048a8284c4c371f2"},
    {file = "wasmer_compiler_cranelift-1.1.0-py3-none-any.whl", hash = "sha256:200fea80609cfb088457327acf66d5aa61f4c4f66b5a71133ada960b534c7355"},
]

[metadata]
lock-version = "2.0"
python-versions = "^3.11"
content-hash = "d2b35ef8391e75afd26845801d545a51d9df8e991b3e9a05c3a9e66d0fb5737c"
